// !$*UTF8*$!
{
	archiveVersion = 1;
	classes = {
	};
	objectVersion = 56;
	objects = {

/* Begin PBXBuildFile section */
		ED083D2F2AB9AAAC00C3ABEC /* PunkAPI.swift in Sources */ = {isa = PBXBuildFile; fileRef = ED083D2E2AB9AAAC00C3ABEC /* PunkAPI.swift */; };
		ED083D312AB9AEEB00C3ABEC /* PunkError.swift in Sources */ = {isa = PBXBuildFile; fileRef = ED083D302AB9AEEB00C3ABEC /* PunkError.swift */; };
		ED083D332AB9AFF600C3ABEC /* PunkManager.swift in Sources */ = {isa = PBXBuildFile; fileRef = ED083D322AB9AFF600C3ABEC /* PunkManager.swift */; };
		ED083D352AB9B50700C3ABEC /* Beer.swift in Sources */ = {isa = PBXBuildFile; fileRef = ED083D342AB9B50700C3ABEC /* Beer.swift */; };
		ED42511B2AB9293500704D6D /* AppDelegate.swift in Sources */ = {isa = PBXBuildFile; fileRef = ED42511A2AB9293500704D6D /* AppDelegate.swift */; };
		ED42511D2AB9293500704D6D /* SceneDelegate.swift in Sources */ = {isa = PBXBuildFile; fileRef = ED42511C2AB9293500704D6D /* SceneDelegate.swift */; };
		ED42511F2AB9293500704D6D /* ViewController.swift in Sources */ = {isa = PBXBuildFile; fileRef = ED42511E2AB9293500704D6D /* ViewController.swift */; };
		ED4251222AB9293500704D6D /* Main.storyboard in Resources */ = {isa = PBXBuildFile; fileRef = ED4251202AB9293500704D6D /* Main.storyboard */; };
		ED4251242AB9293600704D6D /* Assets.xcassets in Resources */ = {isa = PBXBuildFile; fileRef = ED4251232AB9293600704D6D /* Assets.xcassets */; };
		ED4251272AB9293600704D6D /* LaunchScreen.storyboard in Resources */ = {isa = PBXBuildFile; fileRef = ED4251252AB9293600704D6D /* LaunchScreen.storyboard */; };
		ED4251302AB9296300704D6D /* SnapKit in Frameworks */ = {isa = PBXBuildFile; productRef = ED42512F2AB9296300704D6D /* SnapKit */; };
		ED4251332AB9297900704D6D /* Alamofire in Frameworks */ = {isa = PBXBuildFile; productRef = ED4251322AB9297900704D6D /* Alamofire */; };
		ED4251362AB9298C00704D6D /* Kingfisher in Frameworks */ = {isa = PBXBuildFile; productRef = ED4251352AB9298C00704D6D /* Kingfisher */; };
		ED4251392AB93CC000704D6D /* NetworkBasic.swift in Sources */ = {isa = PBXBuildFile; fileRef = ED4251382AB93CC000704D6D /* NetworkBasic.swift */; };
		ED9ADCF22AB9649C00C69D33 /* SeSACAPI.swift in Sources */ = {isa = PBXBuildFile; fileRef = ED9ADCF12AB9649C00C69D33 /* SeSACAPI.swift */; };
		EDBF3E252ABA763600B76BAB /* Router.swift in Sources */ = {isa = PBXBuildFile; fileRef = EDBF3E242ABA763600B76BAB /* Router.swift */; };
		EDBF3E272ABA9A9300B76BAB /* ViewModel.swift in Sources */ = {isa = PBXBuildFile; fileRef = EDBF3E262ABA9A9300B76BAB /* ViewModel.swift */; };
		EDBF3E292ABB516A00B76BAB /* PunkViewModel.swift in Sources */ = {isa = PBXBuildFile; fileRef = EDBF3E282ABB516A00B76BAB /* PunkViewModel.swift */; };
		EDC82A532AB9744300E64FE3 /* Network.swift in Sources */ = {isa = PBXBuildFile; fileRef = EDC82A522AB9744300E64FE3 /* Network.swift */; };
/* End PBXBuildFile section */

/* Begin PBXFileReference section */
		ED083D2E2AB9AAAC00C3ABEC /* PunkAPI.swift */ = {isa = PBXFileReference; lastKnownFileType = sourcecode.swift; path = PunkAPI.swift; sourceTree = "<group>"; };
		ED083D302AB9AEEB00C3ABEC /* PunkError.swift */ = {isa = PBXFileReference; lastKnownFileType = sourcecode.swift; path = PunkError.swift; sourceTree = "<group>"; };
		ED083D322AB9AFF600C3ABEC /* PunkManager.swift */ = {isa = PBXFileReference; lastKnownFileType = sourcecode.swift; path = PunkManager.swift; sourceTree = "<group>"; };
		ED083D342AB9B50700C3ABEC /* Beer.swift */ = {isa = PBXFileReference; lastKnownFileType = sourcecode.swift; path = Beer.swift; sourceTree = "<group>"; };
		ED4251172AB9293500704D6D /* SeSAC3Week10.app */ = {isa = PBXFileReference; explicitFileType = wrapper.application; includeInIndex = 0; path = SeSAC3Week10.app; sourceTree = BUILT_PRODUCTS_DIR; };
		ED42511A2AB9293500704D6D /* AppDelegate.swift */ = {isa = PBXFileReference; lastKnownFileType = sourcecode.swift; path = AppDelegate.swift; sourceTree = "<group>"; };
		ED42511C2AB9293500704D6D /* SceneDelegate.swift */ = {isa = PBXFileReference; lastKnownFileType = sourcecode.swift; path = SceneDelegate.swift; sourceTree = "<group>"; };
		ED42511E2AB9293500704D6D /* ViewController.swift */ = {isa = PBXFileReference; lastKnownFileType = sourcecode.swift; path = ViewController.swift; sourceTree = "<group>"; };
		ED4251212AB9293500704D6D /* Base */ = {isa = PBXFileReference; lastKnownFileType = file.storyboard; name = Base; path = Base.lproj/Main.storyboard; sourceTree = "<group>"; };
		ED4251232AB9293600704D6D /* Assets.xcassets */ = {isa = PBXFileReference; lastKnownFileType = folder.assetcatalog; path = Assets.xcassets; sourceTree = "<group>"; };
		ED4251262AB9293600704D6D /* Base */ = {isa = PBXFileReference; lastKnownFileType = file.storyboard; name = Base; path = Base.lproj/LaunchScreen.storyboard; sourceTree = "<group>"; };
		ED4251282AB9293600704D6D /* Info.plist */ = {isa = PBXFileReference; lastKnownFileType = text.plist.xml; path = Info.plist; sourceTree = "<group>"; };
		ED4251382AB93CC000704D6D /* NetworkBasic.swift */ = {isa = PBXFileReference; lastKnownFileType = sourcecode.swift; path = NetworkBasic.swift; sourceTree = "<group>"; };
		ED9ADCF12AB9649C00C69D33 /* SeSACAPI.swift */ = {isa = PBXFileReference; lastKnownFileType = sourcecode.swift; path = SeSACAPI.swift; sourceTree = "<group>"; };
		EDBF3E242ABA763600B76BAB /* Router.swift */ = {isa = PBXFileReference; lastKnownFileType = sourcecode.swift; path = Router.swift; sourceTree = "<group>"; };
		EDBF3E262ABA9A9300B76BAB /* ViewModel.swift */ = {isa = PBXFileReference; lastKnownFileType = sourcecode.swift; path = ViewModel.swift; sourceTree = "<group>"; };
		EDBF3E282ABB516A00B76BAB /* PunkViewModel.swift */ = {isa = PBXFileReference; lastKnownFileType = sourcecode.swift; path = PunkViewModel.swift; sourceTree = "<group>"; };
		EDC82A522AB9744300E64FE3 /* Network.swift */ = {isa = PBXFileReference; lastKnownFileType = sourcecode.swift; path = Network.swift; sourceTree = "<group>"; };
/* End PBXFileReference section */

/* Begin PBXFrameworksBuildPhase section */
		ED4251142AB9293500704D6D /* Frameworks */ = {
			isa = PBXFrameworksBuildPhase;
			buildActionMask = 2147483647;
			files = (
				ED4251362AB9298C00704D6D /* Kingfisher in Frameworks */,
				ED4251302AB9296300704D6D /* SnapKit in Frameworks */,
				ED4251332AB9297900704D6D /* Alamofire in Frameworks */,
			);
			runOnlyForDeploymentPostprocessing = 0;
		};
/* End PBXFrameworksBuildPhase section */

/* Begin PBXGroup section */
		ED083D2C2AB99A1300C3ABEC /* Punk */ = {
			isa = PBXGroup;
			children = (
				ED083D2E2AB9AAAC00C3ABEC /* PunkAPI.swift */,
				ED083D302AB9AEEB00C3ABEC /* PunkError.swift */,
				ED083D322AB9AFF600C3ABEC /* PunkManager.swift */,
				EDBF3E282ABB516A00B76BAB /* PunkViewModel.swift */,
				ED083D342AB9B50700C3ABEC /* Beer.swift */,
			);
			path = Punk;
			sourceTree = "<group>";
		};
		ED42510E2AB9293500704D6D = {
			isa = PBXGroup;
			children = (
				ED4251192AB9293500704D6D /* SeSAC3Week10 */,
				ED4251182AB9293500704D6D /* Products */,
			);
			sourceTree = "<group>";
		};
		ED4251182AB9293500704D6D /* Products */ = {
			isa = PBXGroup;
			children = (
				ED4251172AB9293500704D6D /* SeSAC3Week10.app */,
			);
			name = Products;
			sourceTree = "<group>";
		};
		ED4251192AB9293500704D6D /* SeSAC3Week10 */ = {
			isa = PBXGroup;
			children = (
				ED083D2C2AB99A1300C3ABEC /* Punk */,
				ED4251372AB93CB600704D6D /* Network */,
				ED42511A2AB9293500704D6D /* AppDelegate.swift */,
				ED42511C2AB9293500704D6D /* SceneDelegate.swift */,
				ED42511E2AB9293500704D6D /* ViewController.swift */,
				EDBF3E262ABA9A9300B76BAB /* ViewModel.swift */,
				ED4251202AB9293500704D6D /* Main.storyboard */,
				ED4251232AB9293600704D6D /* Assets.xcassets */,
				ED4251252AB9293600704D6D /* LaunchScreen.storyboard */,
				ED4251282AB9293600704D6D /* Info.plist */,
			);
			path = SeSAC3Week10;
			sourceTree = "<group>";
		};
		ED4251372AB93CB600704D6D /* Network */ = {
			isa = PBXGroup;
			children = (
				ED4251382AB93CC000704D6D /* NetworkBasic.swift */,
				EDC82A522AB9744300E64FE3 /* Network.swift */,
				ED9ADCF12AB9649C00C69D33 /* SeSACAPI.swift */,
				EDBF3E242ABA763600B76BAB /* Router.swift */,
			);
			path = Network;
			sourceTree = "<group>";
		};
/* End PBXGroup section */

/* Begin PBXNativeTarget section */
		ED4251162AB9293500704D6D /* SeSAC3Week10 */ = {
			isa = PBXNativeTarget;
			buildConfigurationList = ED42512B2AB9293600704D6D /* Build configuration list for PBXNativeTarget "SeSAC3Week10" */;
			buildPhases = (
				ED4251132AB9293500704D6D /* Sources */,
				ED4251142AB9293500704D6D /* Frameworks */,
				ED4251152AB9293500704D6D /* Resources */,
			);
			buildRules = (
			);
			dependencies = (
			);
			name = SeSAC3Week10;
			packageProductDependencies = (
				ED42512F2AB9296300704D6D /* SnapKit */,
				ED4251322AB9297900704D6D /* Alamofire */,
				ED4251352AB9298C00704D6D /* Kingfisher */,
			);
			productName = SeSAC3Week10;
			productReference = ED4251172AB9293500704D6D /* SeSAC3Week10.app */;
			productType = "com.apple.product-type.application";
		};
/* End PBXNativeTarget section */

/* Begin PBXProject section */
		ED42510F2AB9293500704D6D /* Project object */ = {
			isa = PBXProject;
			attributes = {
				BuildIndependentTargetsInParallel = 1;
				LastSwiftUpdateCheck = 1420;
				LastUpgradeCheck = 1420;
				TargetAttributes = {
					ED4251162AB9293500704D6D = {
						CreatedOnToolsVersion = 14.2;
					};
				};
			};
			buildConfigurationList = ED4251122AB9293500704D6D /* Build configuration list for PBXProject "SeSAC3Week10" */;
			compatibilityVersion = "Xcode 14.0";
			developmentRegion = en;
			hasScannedForEncodings = 0;
			knownRegions = (
				en,
				Base,
			);
			mainGroup = ED42510E2AB9293500704D6D;
			packageReferences = (
				ED42512E2AB9296300704D6D /* XCRemoteSwiftPackageReference "SnapKit" */,
				ED4251312AB9297900704D6D /* XCRemoteSwiftPackageReference "Alamofire" */,
				ED4251342AB9298C00704D6D /* XCRemoteSwiftPackageReference "Kingfisher" */,
			);
			productRefGroup = ED4251182AB9293500704D6D /* Products */;
			projectDirPath = "";
			projectRoot = "";
			targets = (
				ED4251162AB9293500704D6D /* SeSAC3Week10 */,
			);
		};
/* End PBXProject section */

/* Begin PBXResourcesBuildPhase section */
		ED4251152AB9293500704D6D /* Resources */ = {
			isa = PBXResourcesBuildPhase;
			buildActionMask = 2147483647;
			files = (
				ED4251272AB9293600704D6D /* LaunchScreen.storyboard in Resources */,
				ED4251242AB9293600704D6D /* Assets.xcassets in Resources */,
				ED4251222AB9293500704D6D /* Main.storyboard in Resources */,
			);
			runOnlyForDeploymentPostprocessing = 0;
		};
/* End PBXResourcesBuildPhase section */

/* Begin PBXSourcesBuildPhase section */
		ED4251132AB9293500704D6D /* Sources */ = {
			isa = PBXSourcesBuildPhase;
			buildActionMask = 2147483647;
			files = (
				EDBF3E252ABA763600B76BAB /* Router.swift in Sources */,
				ED42511F2AB9293500704D6D /* ViewController.swift in Sources */,
				ED42511B2AB9293500704D6D /* AppDelegate.swift in Sources */,
				ED083D312AB9AEEB00C3ABEC /* PunkError.swift in Sources */,
				EDC82A532AB9744300E64FE3 /* Network.swift in Sources */,
				EDBF3E292ABB516A00B76BAB /* PunkViewModel.swift in Sources */,
				ED083D2F2AB9AAAC00C3ABEC /* PunkAPI.swift in Sources */,
				ED9ADCF22AB9649C00C69D33 /* SeSACAPI.swift in Sources */,
				ED4251392AB93CC000704D6D /* NetworkBasic.swift in Sources */,
				ED083D352AB9B50700C3ABEC /* Beer.swift in Sources */,
				ED083D332AB9AFF600C3ABEC /* PunkManager.swift in Sources */,
				EDBF3E272ABA9A9300B76BAB /* ViewModel.swift in Sources */,
				ED42511D2AB9293500704D6D /* SceneDelegate.swift in Sources */,
			);
			runOnlyForDeploymentPostprocessing = 0;
		};
/* End PBXSourcesBuildPhase section */

/* Begin PBXVariantGroup section */
		ED4251202AB9293500704D6D /* Main.storyboard */ = {
			isa = PBXVariantGroup;
			children = (
				ED4251212AB9293500704D6D /* Base */,
			);
			name = Main.storyboard;
			sourceTree = "<group>";
		};
		ED4251252AB9293600704D6D /* LaunchScreen.storyboard */ = {
			isa = PBXVariantGroup;
			children = (
				ED4251262AB9293600704D6D /* Base */,
			);
			name = LaunchScreen.storyboard;
			sourceTree = "<group>";
		};
/* End PBXVariantGroup section */

/* Begin XCBuildConfiguration section */
		ED4251292AB9293600704D6D /* Debug */ = {
			isa = XCBuildConfiguration;
			buildSettings = {
				ALWAYS_SEARCH_USER_PATHS = NO;
				CLANG_ANALYZER_NONNULL = YES;
				CLANG_ANALYZER_NUMBER_OBJECT_CONVERSION = YES_AGGRESSIVE;
				CLANG_CXX_LANGUAGE_STANDARD = "gnu++20";
				CLANG_ENABLE_MODULES = YES;
				CLANG_ENABLE_OBJC_ARC = YES;
				CLANG_ENABLE_OBJC_WEAK = YES;
				CLANG_WARN_BLOCK_CAPTURE_AUTORELEASING = YES;
				CLANG_WARN_BOOL_CONVERSION = YES;
				CLANG_WARN_COMMA = YES;
				CLANG_WARN_CONSTANT_CONVERSION = YES;
				CLANG_WARN_DEPRECATED_OBJC_IMPLEMENTATIONS = YES;
				CLANG_WARN_DIRECT_OBJC_ISA_USAGE = YES_ERROR;
				CLANG_WARN_DOCUMENTATION_COMMENTS = YES;
				CLANG_WARN_EMPTY_BODY = YES;
				CLANG_WARN_ENUM_CONVERSION = YES;
				CLANG_WARN_INFINITE_RECURSION = YES;
				CLANG_WARN_INT_CONVERSION = YES;
				CLANG_WARN_NON_LITERAL_NULL_CONVERSION = YES;
				CLANG_WARN_OBJC_IMPLICIT_RETAIN_SELF = YES;
				CLANG_WARN_OBJC_LITERAL_CONVERSION = YES;
				CLANG_WARN_OBJC_ROOT_CLASS = YES_ERROR;
				CLANG_WARN_QUOTED_INCLUDE_IN_FRAMEWORK_HEADER = YES;
				CLANG_WARN_RANGE_LOOP_ANALYSIS = YES;
				CLANG_WARN_STRICT_PROTOTYPES = YES;
				CLANG_WARN_SUSPICIOUS_MOVE = YES;
				CLANG_WARN_UNGUARDED_AVAILABILITY = YES_AGGRESSIVE;
				CLANG_WARN_UNREACHABLE_CODE = YES;
				CLANG_WARN__DUPLICATE_METHOD_MATCH = YES;
				COPY_PHASE_STRIP = NO;
				DEBUG_INFORMATION_FORMAT = dwarf;
				ENABLE_STRICT_OBJC_MSGSEND = YES;
				ENABLE_TESTABILITY = YES;
				GCC_C_LANGUAGE_STANDARD = gnu11;
				GCC_DYNAMIC_NO_PIC = NO;
				GCC_NO_COMMON_BLOCKS = YES;
				GCC_OPTIMIZATION_LEVEL = 0;
				GCC_PREPROCESSOR_DEFINITIONS = (
					"DEBUG=1",
					"$(inherited)",
				);
				GCC_WARN_64_TO_32_BIT_CONVERSION = YES;
				GCC_WARN_ABOUT_RETURN_TYPE = YES_ERROR;
				GCC_WARN_UNDECLARED_SELECTOR = YES;
				GCC_WARN_UNINITIALIZED_AUTOS = YES_AGGRESSIVE;
				GCC_WARN_UNUSED_FUNCTION = YES;
				GCC_WARN_UNUSED_VARIABLE = YES;
				IPHONEOS_DEPLOYMENT_TARGET = 16.2;
				MTL_ENABLE_DEBUG_INFO = INCLUDE_SOURCE;
				MTL_FAST_MATH = YES;
				ONLY_ACTIVE_ARCH = YES;
				SDKROOT = iphoneos;
				SWIFT_ACTIVE_COMPILATION_CONDITIONS = DEBUG;
				SWIFT_OPTIMIZATION_LEVEL = "-Onone";
			};
			name = Debug;
		};
		ED42512A2AB9293600704D6D /* Release */ = {
			isa = XCBuildConfiguration;
			buildSettings = {
				ALWAYS_SEARCH_USER_PATHS = NO;
				CLANG_ANALYZER_NONNULL = YES;
				CLANG_ANALYZER_NUMBER_OBJECT_CONVERSION = YES_AGGRESSIVE;
				CLANG_CXX_LANGUAGE_STANDARD = "gnu++20";
				CLANG_ENABLE_MODULES = YES;
				CLANG_ENABLE_OBJC_ARC = YES;
				CLANG_ENABLE_OBJC_WEAK = YES;
				CLANG_WARN_BLOCK_CAPTURE_AUTORELEASING = YES;
				CLANG_WARN_BOOL_CONVERSION = YES;
				CLANG_WARN_COMMA = YES;
				CLANG_WARN_CONSTANT_CONVERSION = YES;
				CLANG_WARN_DEPRECATED_OBJC_IMPLEMENTATIONS = YES;
				CLANG_WARN_DIRECT_OBJC_ISA_USAGE = YES_ERROR;
				CLANG_WARN_DOCUMENTATION_COMMENTS = YES;
				CLANG_WARN_EMPTY_BODY = YES;
				CLANG_WARN_ENUM_CONVERSION = YES;
				CLANG_WARN_INFINITE_RECURSION = YES;
				CLANG_WARN_INT_CONVERSION = YES;
				CLANG_WARN_NON_LITERAL_NULL_CONVERSION = YES;
				CLANG_WARN_OBJC_IMPLICIT_RETAIN_SELF = YES;
				CLANG_WARN_OBJC_LITERAL_CONVERSION = YES;
				CLANG_WARN_OBJC_ROOT_CLASS = YES_ERROR;
				CLANG_WARN_QUOTED_INCLUDE_IN_FRAMEWORK_HEADER = YES;
				CLANG_WARN_RANGE_LOOP_ANALYSIS = YES;
				CLANG_WARN_STRICT_PROTOTYPES = YES;
				CLANG_WARN_SUSPICIOUS_MOVE = YES;
				CLANG_WARN_UNGUARDED_AVAILABILITY = YES_AGGRESSIVE;
				CLANG_WARN_UNREACHABLE_CODE = YES;
				CLANG_WARN__DUPLICATE_METHOD_MATCH = YES;
				COPY_PHASE_STRIP = NO;
				DEBUG_INFORMATION_FORMAT = "dwarf-with-dsym";
				ENABLE_NS_ASSERTIONS = NO;
				ENABLE_STRICT_OBJC_MSGSEND = YES;
				GCC_C_LANGUAGE_STANDARD = gnu11;
				GCC_NO_COMMON_BLOCKS = YES;
				GCC_WARN_64_TO_32_BIT_CONVERSION = YES;
				GCC_WARN_ABOUT_RETURN_TYPE = YES_ERROR;
				GCC_WARN_UNDECLARED_SELECTOR = YES;
				GCC_WARN_UNINITIALIZED_AUTOS = YES_AGGRESSIVE;
				GCC_WARN_UNUSED_FUNCTION = YES;
				GCC_WARN_UNUSED_VARIABLE = YES;
				IPHONEOS_DEPLOYMENT_TARGET = 16.2;
				MTL_ENABLE_DEBUG_INFO = NO;
				MTL_FAST_MATH = YES;
				SDKROOT = iphoneos;
				SWIFT_COMPILATION_MODE = wholemodule;
				SWIFT_OPTIMIZATION_LEVEL = "-O";
				VALIDATE_PRODUCT = YES;
			};
			name = Release;
		};
		ED42512C2AB9293600704D6D /* Debug */ = {
			isa = XCBuildConfiguration;
			buildSettings = {
				ASSETCATALOG_COMPILER_APPICON_NAME = AppIcon;
				ASSETCATALOG_COMPILER_GLOBAL_ACCENT_COLOR_NAME = AccentColor;
				CODE_SIGN_STYLE = Automatic;
				CURRENT_PROJECT_VERSION = 1;
				DEVELOPMENT_TEAM = 82J7RU93V4;
				GENERATE_INFOPLIST_FILE = YES;
				INFOPLIST_FILE = SeSAC3Week10/Info.plist;
				INFOPLIST_KEY_UIApplicationSupportsIndirectInputEvents = YES;
				INFOPLIST_KEY_UILaunchStoryboardName = LaunchScreen;
				INFOPLIST_KEY_UIMainStoryboardFile = Main;
				INFOPLIST_KEY_UISupportedInterfaceOrientations_iPad = "UIInterfaceOrientationPortrait UIInterfaceOrientationPortraitUpsideDown UIInterfaceOrientationLandscapeLeft UIInterfaceOrientationLandscapeRight";
				INFOPLIST_KEY_UISupportedInterfaceOrientations_iPhone = "UIInterfaceOrientationPortrait UIInterfaceOrientationLandscapeLeft UIInterfaceOrientationLandscapeRight";
				LD_RUNPATH_SEARCH_PATHS = (
					"$(inherited)",
					"@executable_path/Frameworks",
				);
				MARKETING_VERSION = 1.0;
				PRODUCT_BUNDLE_IDENTIFIER = com.JongHoon.SeSAC3Week10;
				PRODUCT_NAME = "$(TARGET_NAME)";
				SWIFT_EMIT_LOC_STRINGS = YES;
				SWIFT_VERSION = 5.0;
				TARGETED_DEVICE_FAMILY = "1,2";
			};
			name = Debug;
		};
		ED42512D2AB9293600704D6D /* Release */ = {
			isa = XCBuildConfiguration;
			buildSettings = {
				ASSETCATALOG_COMPILER_APPICON_NAME = AppIcon;
				ASSETCATALOG_COMPILER_GLOBAL_ACCENT_COLOR_NAME = AccentColor;
				CODE_SIGN_STYLE = Automatic;
				CURRENT_PROJECT_VERSION = 1;
				DEVELOPMENT_TEAM = 82J7RU93V4;
				GENERATE_INFOPLIST_FILE = YES;
				INFOPLIST_FILE = SeSAC3Week10/Info.plist;
				INFOPLIST_KEY_UIApplicationSupportsIndirectInputEvents = YES;
				INFOPLIST_KEY_UILaunchStoryboardName = LaunchScreen;
				INFOPLIST_KEY_UIMainStoryboardFile = Main;
				INFOPLIST_KEY_UISupportedInterfaceOrientations_iPad = "UIInterfaceOrientationPortrait UIInterfaceOrientationPortraitUpsideDown UIInterfaceOrientationLandscapeLeft UIInterfaceOrientationLandscapeRight";
				INFOPLIST_KEY_UISupportedInterfaceOrientations_iPhone = "UIInterfaceOrientationPortrait UIInterfaceOrientationLandscapeLeft UIInterfaceOrientationLandscapeRight";
				LD_RUNPATH_SEARCH_PATHS = (
					"$(inherited)",
					"@executable_path/Frameworks",
				);
				MARKETING_VERSION = 1.0;
				PRODUCT_BUNDLE_IDENTIFIER = com.JongHoon.SeSAC3Week10;
				PRODUCT_NAME = "$(TARGET_NAME)";
				SWIFT_EMIT_LOC_STRINGS = YES;
				SWIFT_VERSION = 5.0;
				TARGETED_DEVICE_FAMILY = "1,2";
			};
			name = Release;
		};
/* End XCBuildConfiguration section */

/* Begin XCConfigurationList section */
		ED4251122AB9293500704D6D /* Build configuration list for PBXProject "SeSAC3Week10" */ = {
			isa = XCConfigurationList;
			buildConfigurations = (
				ED4251292AB9293600704D6D /* Debug */,
				ED42512A2AB9293600704D6D /* Release */,
			);
			defaultConfigurationIsVisible = 0;
			defaultConfigurationName = Release;
		};
		ED42512B2AB9293600704D6D /* Build configuration list for PBXNativeTarget "SeSAC3Week10" */ = {
			isa = XCConfigurationList;
			buildConfigurations = (
				ED42512C2AB9293600704D6D /* Debug */,
				ED42512D2AB9293600704D6D /* Release */,
			);
			defaultConfigurationIsVisible = 0;
			defaultConfigurationName = Release;
		};
/* End XCConfigurationList section */

/* Begin XCRemoteSwiftPackageReference section */
		ED42512E2AB9296300704D6D /* XCRemoteSwiftPackageReference "SnapKit" */ = {
			isa = XCRemoteSwiftPackageReference;
			repositoryURL = "https://github.com/SnapKit/SnapKit.git";
			requirement = {
				kind = exactVersion;
				version = 5.6.0;
			};
		};
		ED4251312AB9297900704D6D /* XCRemoteSwiftPackageReference "Alamofire" */ = {
			isa = XCRemoteSwiftPackageReference;
			repositoryURL = "https://github.com/Alamofire/Alamofire.git";
			requirement = {
				kind = exactVersion;
				version = 5.8.0;
			};
		};
		ED4251342AB9298C00704D6D /* XCRemoteSwiftPackageReference "Kingfisher" */ = {
			isa = XCRemoteSwiftPackageReference;
			repositoryURL = "https://github.com/onevcat/Kingfisher.git";
			requirement = {
				kind = exactVersion;
				version = 7.9.1;
			};
		};
/* End XCRemoteSwiftPackageReference section */

/* Begin XCSwiftPackageProductDependency section */
		ED42512F2AB9296300704D6D /* SnapKit */ = {
			isa = XCSwiftPackageProductDependency;
			package = ED42512E2AB9296300704D6D /* XCRemoteSwiftPackageReference "SnapKit" */;
			productName = SnapKit;
		};
		ED4251322AB9297900704D6D /* Alamofire */ = {
			isa = XCSwiftPackageProductDependency;
			package = ED4251312AB9297900704D6D /* XCRemoteSwiftPackageReference "Alamofire" */;
			productName = Alamofire;
		};
		ED4251352AB9298C00704D6D /* Kingfisher */ = {
			isa = XCSwiftPackageProductDependency;
			package = ED4251342AB9298C00704D6D /* XCRemoteSwiftPackageReference "Kingfisher" */;
			productName = Kingfisher;
		};
/* End XCSwiftPackageProductDependency section */
	};
	rootObject = ED42510F2AB9293500704D6D /* Project object */;
}
